
Microsoft Visual Studio Solution File, Format Version 12.00
# Visual Studio 15
VisualStudioVersion = 15.0.28307.136
MinimumVisualStudioVersion = 10.0.40219.1
Project("{9A19103F-16F7-4668-BE54-9A1E7A4F7556}") = "MentalToHell", "MentalToHell\MentalToHell.csproj", "{9C96722B-8A60-425A-8E16-C0F3B1F23C98}"
EndProject
Project("{9A19103F-16F7-4668-BE54-9A1E7A4F7556}") = "MentalToHell2", "..\MentalToHell2\MentalToHell2\MentalToHell2.csproj", "{24763ED9-804D-4F7A-BED5-B9570AF79CA7}"
EndProject
Project("{9A19103F-16F7-4668-BE54-9A1E7A4F7556}") = "MentalToHell_3", "MentalToHell_3\MentalToHell_3.csproj", "{4BA3CDD5-F241-4B80-B4B2-0916C9D49480}"
EndProject
Project("{9A19103F-16F7-4668-BE54-9A1E7A4F7556}") = "MentalToHellFinal", "MentalToHellFinal\MentalToHellFinal.csproj", "{3078CA3B-9479-4ADE-B199-BEB61D5BD31A}"
EndProject
Global
	GlobalSection(SolutionConfigurationPlatforms) = preSolution
		Debug|Any CPU = Debug|Any CPU
		Release|Any CPU = Release|Any CPU
	EndGlobalSection
	GlobalSection(ProjectConfigurationPlatforms) = postSolution
		{9C96722B-8A60-425A-8E16-C0F3B1F23C98}.Debug|Any CPU.ActiveCfg = Debug|Any CPU
		{9C96722B-8A60-425A-8E16-C0F3B1F23C98}.Debug|Any CPU.Build.0 = Debug|Any CPU
		{9C96722B-8A60-425A-8E16-C0F3B1F23C98}.Release|Any CPU.ActiveCfg = Release|Any CPU
		{9C96722B-8A60-425A-8E16-C0F3B1F23C98}.Release|Any CPU.Build.0 = Release|Any CPU
		{24763ED9-804D-4F7A-BED5-B9570AF79CA7}.Debug|Any CPU.ActiveCfg = Debug|Any CPU
		{24763ED9-804D-4F7A-BED5-B9570AF79CA7}.Debug|Any CPU.Build.0 = Debug|Any CPU
		{24763ED9-804D-4F7A-BED5-B9570AF79CA7}.Release|Any CPU.ActiveCfg = Release|Any CPU
		{24763ED9-804D-4F7A-BED5-B9570AF79CA7}.Release|Any CPU.Build.0 = Release|Any CPU
		{4BA3CDD5-F241-4B80-B4B2-0916C9D49480}.Debug|Any CPU.ActiveCfg = Release|Any CPU
		{4BA3CDD5-F241-4B80-B4B2-0916C9D49480}.Debug|Any CPU.Build.0 = Release|Any CPU
		{4BA3CDD5-F241-4B80-B4B2-0916C9D49480}.Release|Any CPU.ActiveCfg = Debug|Any CPU
		{4BA3CDD5-F241-4B80-B4B2-0916C9D49480}.Release|Any CPU.Build.0 = Debug|Any CPU
		{3078CA3B-9479-4ADE-B199-BEB61D5BD31A}.Debug|Any CPU.ActiveCfg = Debug|Any CPU
		{3078CA3B-9479-4ADE-B199-BEB61D5BD31A}.Debug|Any CPU.Build.0 = Debug|Any CPU
		{3078CA3B-9479-4ADE-B199-BEB61D5BD31A}.Release|Any CPU.ActiveCfg = Release|Any CPU
		{3078CA3B-9479-4ADE-B199-BEB61D5BD31A}.Release|Any CPU.Build.0 = Release|Any CPU
	EndGlobalSection
	GlobalSection(SolutionProperties) = preSolution
		HideSolutionNode = FALSE
	EndGlobalSection
	GlobalSection(ExtensibilityGlobals) = postSolution
		SolutionGuid = {1D5EF9EE-0E9F-40A2-9F9A-4DAC3663C40C}
	EndGlobalSection
EndGlobal
